{
  "version": "5",
  "remote": {
    "https://sumi.space/js/string.js": "c8f108bedf68e7ac9e01cf57d7c3581596356fcb590b7a5a3fcecad90b246ffe"
  },
  "workspace": {
    "packageJson": {
      "dependencies": [
        "npm:@types/node@^22.15.18",
        "npm:@types/react@^19.1.4",
        "npm:next@^15.3.2",
        "npm:react-dom@^19.1.0",
        "npm:react@^19.1.0",
        "npm:sass@^1.89.0",
        "npm:typescript@^5.8.3"
      ]
    }
  }
}
